
Microsoft Visual Studio Solution File, Format Version 12.00
# Visual Studio Version 17
VisualStudioVersion = 17.14.36301.6
MinimumVisualStudioVersion = 10.0.40219.1
Project("{FAE04EC0-301F-11D3-BF4B-00C04F79EFBC}") = "PruebaDF", "PruebaDF\PruebaDF.csproj", "{8BA0A9A4-207D-4BF6-B48F-129E00ADAF50}"
EndProject
Project("{FAE04EC0-301F-11D3-BF4B-00C04F79EFBC}") = "PruebaDF.Test", "PruebaDF.Test\PruebaDF.Test.csproj", "{2F102717-E547-1309-A4CE-C2425241260A}"
EndProject
Global
	GlobalSection(SolutionConfigurationPlatforms) = preSolution
		Debug|Any CPU = Debug|Any CPU
		Release|Any CPU = Release|Any CPU
	EndGlobalSection
	GlobalSection(ProjectConfigurationPlatforms) = postSolution
		{8BA0A9A4-207D-4BF6-B48F-129E00ADAF50}.Debug|Any CPU.ActiveCfg = Debug|Any CPU
		{8BA0A9A4-207D-4BF6-B48F-129E00ADAF50}.Debug|Any CPU.Build.0 = Debug|Any CPU
		{8BA0A9A4-207D-4BF6-B48F-129E00ADAF50}.Release|Any CPU.ActiveCfg = Release|Any CPU
		{8BA0A9A4-207D-4BF6-B48F-129E00ADAF50}.Release|Any CPU.Build.0 = Release|Any CPU
		{2F102717-E547-1309-A4CE-C2425241260A}.Debug|Any CPU.ActiveCfg = Debug|Any CPU
		{2F102717-E547-1309-A4CE-C2425241260A}.Debug|Any CPU.Build.0 = Debug|Any CPU
		{2F102717-E547-1309-A4CE-C2425241260A}.Release|Any CPU.ActiveCfg = Release|Any CPU
		{2F102717-E547-1309-A4CE-C2425241260A}.Release|Any CPU.Build.0 = Release|Any CPU
	EndGlobalSection
	GlobalSection(SolutionProperties) = preSolution
		HideSolutionNode = FALSE
	EndGlobalSection
	GlobalSection(ExtensibilityGlobals) = postSolution
		SolutionGuid = {5E3F64F7-FDDA-41F5-84A0-C11A444D928F}
	EndGlobalSection
EndGlobal
